
Microsoft Visual Studio Solution File, Format Version 12.00
# Visual Studio Version 17
VisualStudioVersion = 17.5.33530.505
MinimumVisualStudioVersion = 10.0.40219.1
Project("{FAE04EC0-301F-11D3-BF4B-00C04F79EFBC}") = "CodeTypeRanking", "CodeTypeRanking\CodeTypeRanking.csproj", "{896E6B53-83E6-45A7-896E-5CDE673458BB}"
EndProject
Global
	GlobalSection(SolutionConfigurationPlatforms) = preSolution
		Debug|Any CPU = Debug|Any CPU
		Release|Any CPU = Release|Any CPU
	EndGlobalSection
	GlobalSection(ProjectConfigurationPlatforms) = postSolution
		{896E6B53-83E6-45A7-896E-5CDE673458BB}.Debug|Any CPU.ActiveCfg = Debug|Any CPU
		{896E6B53-83E6-45A7-896E-5CDE673458BB}.Debug|Any CPU.Build.0 = Debug|Any CPU
		{896E6B53-83E6-45A7-896E-5CDE673458BB}.Release|Any CPU.ActiveCfg = Release|Any CPU
		{896E6B53-83E6-45A7-896E-5CDE673458BB}.Release|Any CPU.Build.0 = Release|Any CPU
	EndGlobalSection
	GlobalSection(SolutionProperties) = preSolution
		HideSolutionNode = FALSE
	EndGlobalSection
	GlobalSection(ExtensibilityGlobals) = postSolution
		SolutionGuid = {2B782F5A-5F90-45FF-A18E-90BCFCFAC6DB}
	EndGlobalSection
EndGlobal
